// !$*UTF8*$!
{
	archiveVersion = 1;
	classes = {
	};
	objectVersion = 56;
	objects = {

/* Begin PBXBuildFile section */
		8AB451DF264AE50A6CC96754 /* Pods_BMuMQTTClientSwift.framework in Frameworks */ = {isa = PBXBuildFile; fileRef = 419A17C7225AA1AB32F4613E /* Pods_BMuMQTTClientSwift.framework */; };
		9E54C7D42AC3C9150077BD89 /* AppDelegate.swift in Sources */ = {isa = PBXBuildFile; fileRef = 9E54C7D32AC3C9150077BD89 /* AppDelegate.swift */; };
		9E54C7D62AC3C9150077BD89 /* SceneDelegate.swift in Sources */ = {isa = PBXBuildFile; fileRef = 9E54C7D52AC3C9150077BD89 /* SceneDelegate.swift */; };
		9E54C7D82AC3C9150077BD89 /* ViewController.swift in Sources */ = {isa = PBXBuildFile; fileRef = 9E54C7D72AC3C9150077BD89 /* ViewController.swift */; };
		9E54C7DB2AC3C9150077BD89 /* Main.storyboard in Resources */ = {isa = PBXBuildFile; fileRef = 9E54C7D92AC3C9150077BD89 /* Main.storyboard */; };
		9E54C7DD2AC3C9170077BD89 /* Assets.xcassets in Resources */ = {isa = PBXBuildFile; fileRef = 9E54C7DC2AC3C9170077BD89 /* Assets.xcassets */; };
		9E54C7E02AC3C9170077BD89 /* LaunchScreen.storyboard in Resources */ = {isa = PBXBuildFile; fileRef = 9E54C7DE2AC3C9170077BD89 /* LaunchScreen.storyboard */; };
/* End PBXBuildFile section */

/* Begin PBXFileReference section */
		12C07573B8E68C6FFE193EBD /* Pods-BMuMQTTClientSwift.debug.xcconfig */ = {isa = PBXFileReference; includeInIndex = 1; lastKnownFileType = text.xcconfig; name = "Pods-BMuMQTTClientSwift.debug.xcconfig"; path = "Pods/Target Support Files/Pods-BMuMQTTClientSwift/Pods-BMuMQTTClientSwift.debug.xcconfig"; sourceTree = "<group>"; };
		419A17C7225AA1AB32F4613E /* Pods_BMuMQTTClientSwift.framework */ = {isa = PBXFileReference; explicitFileType = wrapper.framework; includeInIndex = 0; path = Pods_BMuMQTTClientSwift.framework; sourceTree = BUILT_PRODUCTS_DIR; };
		9E54C7D02AC3C9150077BD89 /* BMuMQTTClientSwift.app */ = {isa = PBXFileReference; explicitFileType = wrapper.application; includeInIndex = 0; path = BMuMQTTClientSwift.app; sourceTree = BUILT_PRODUCTS_DIR; };
		9E54C7D32AC3C9150077BD89 /* AppDelegate.swift */ = {isa = PBXFileReference; lastKnownFileType = sourcecode.swift; path = AppDelegate.swift; sourceTree = "<group>"; };
		9E54C7D52AC3C9150077BD89 /* SceneDelegate.swift */ = {isa = PBXFileReference; lastKnownFileType = sourcecode.swift; path = SceneDelegate.swift; sourceTree = "<group>"; };
		9E54C7D72AC3C9150077BD89 /* ViewController.swift */ = {isa = PBXFileReference; lastKnownFileType = sourcecode.swift; path = ViewController.swift; sourceTree = "<group>"; };
		9E54C7DA2AC3C9150077BD89 /* Base */ = {isa = PBXFileReference; lastKnownFileType = file.storyboard; name = Base; path = Base.lproj/Main.storyboard; sourceTree = "<group>"; };
		9E54C7DC2AC3C9170077BD89 /* Assets.xcassets */ = {isa = PBXFileReference; lastKnownFileType = folder.assetcatalog; path = Assets.xcassets; sourceTree = "<group>"; };
		9E54C7DF2AC3C9170077BD89 /* Base */ = {isa = PBXFileReference; lastKnownFileType = file.storyboard; name = Base; path = Base.lproj/LaunchScreen.storyboard; sourceTree = "<group>"; };
		9E54C7E12AC3C9170077BD89 /* Info.plist */ = {isa = PBXFileReference; lastKnownFileType = text.plist.xml; path = Info.plist; sourceTree = "<group>"; };
		CDB51B2D0CD492507E370B3D /* Pods-BMuMQTTClientSwift.release.xcconfig */ = {isa = PBXFileReference; includeInIndex = 1; lastKnownFileType = text.xcconfig; name = "Pods-BMuMQTTClientSwift.release.xcconfig"; path = "Pods/Target Support Files/Pods-BMuMQTTClientSwift/Pods-BMuMQTTClientSwift.release.xcconfig"; sourceTree = "<group>"; };
/* End PBXFileReference section */

/* Begin PBXFrameworksBuildPhase section */
		9E54C7CD2AC3C9150077BD89 /* Frameworks */ = {
			isa = PBXFrameworksBuildPhase;
			buildActionMask = 2147483647;
			files = (
				8AB451DF264AE50A6CC96754 /* Pods_BMuMQTTClientSwift.framework in Frameworks */,
			);
			runOnlyForDeploymentPostprocessing = 0;
		};
/* End PBXFrameworksBuildPhase section */

/* Begin PBXGroup section */
		2DE4A2C2588C8E95324D6D0F /* Frameworks */ = {
			isa = PBXGroup;
			children = (
				419A17C7225AA1AB32F4613E /* Pods_BMuMQTTClientSwift.framework */,
			);
			name = Frameworks;
			sourceTree = "<group>";
		};
		6B775BA0B538B8629D125F66 /* Pods */ = {
			isa = PBXGroup;
			children = (
				12C07573B8E68C6FFE193EBD /* Pods-BMuMQTTClientSwift.debug.xcconfig */,
				CDB51B2D0CD492507E370B3D /* Pods-BMuMQTTClientSwift.release.xcconfig */,
			);
			name = Pods;
			sourceTree = "<group>";
		};
		9E54C7C72AC3C9150077BD89 = {
			isa = PBXGroup;
			children = (
				9E54C7D22AC3C9150077BD89 /* BMuMQTTClientSwift */,
				9E54C7D12AC3C9150077BD89 /* Products */,
				6B775BA0B538B8629D125F66 /* Pods */,
				2DE4A2C2588C8E95324D6D0F /* Frameworks */,
			);
			sourceTree = "<group>";
		};
		9E54C7D12AC3C9150077BD89 /* Products */ = {
			isa = PBXGroup;
			children = (
				9E54C7D02AC3C9150077BD89 /* BMuMQTTClientSwift.app */,
			);
			name = Products;
			sourceTree = "<group>";
		};
		9E54C7D22AC3C9150077BD89 /* BMuMQTTClientSwift */ = {
			isa = PBXGroup;
			children = (
				9E54C7D32AC3C9150077BD89 /* AppDelegate.swift */,
				9E54C7D52AC3C9150077BD89 /* SceneDelegate.swift */,
				9E54C7D72AC3C9150077BD89 /* ViewController.swift */,
				9E54C7D92AC3C9150077BD89 /* Main.storyboard */,
				9E54C7DC2AC3C9170077BD89 /* Assets.xcassets */,
				9E54C7DE2AC3C9170077BD89 /* LaunchScreen.storyboard */,
				9E54C7E12AC3C9170077BD89 /* Info.plist */,
			);
			path = BMuMQTTClientSwift;
			sourceTree = "<group>";
		};
/* End PBXGroup section */

/* Begin PBXNativeTarget section */
		9E54C7CF2AC3C9150077BD89 /* BMuMQTTClientSwift */ = {
			isa = PBXNativeTarget;
			buildConfigurationList = 9E54C7E42AC3C9170077BD89 /* Build configuration list for PBXNativeTarget "BMuMQTTClientSwift" */;
			buildPhases = (
				77D90AE1AC3F0687331FBE92 /* [CP] Check Pods Manifest.lock */,
				9E54C7CC2AC3C9150077BD89 /* Sources */,
				9E54C7CD2AC3C9150077BD89 /* Frameworks */,
				9E54C7CE2AC3C9150077BD89 /* Resources */,
				ED7C8DE2793743B3B47A3BC5 /* [CP] Embed Pods Frameworks */,
			);
			buildRules = (
			);
			dependencies = (
			);
			name = BMuMQTTClientSwift;
			productName = BMuMQTTClientSwift;
			productReference = 9E54C7D02AC3C9150077BD89 /* BMuMQTTClientSwift.app */;
			productType = "com.apple.product-type.application";
		};
/* End PBXNativeTarget section */

/* Begin PBXProject section */
		9E54C7C82AC3C9150077BD89 /* Project object */ = {
			isa = PBXProject;
			attributes = {
				BuildIndependentTargetsInParallel = 1;
				LastSwiftUpdateCheck = 1420;
				LastUpgradeCheck = 1420;
				TargetAttributes = {
					9E54C7CF2AC3C9150077BD89 = {
						CreatedOnToolsVersion = 14.2;
					};
				};
			};
			buildConfigurationList = 9E54C7CB2AC3C9150077BD89 /* Build configuration list for PBXProject "BMuMQTTClientSwift" */;
			compatibilityVersion = "Xcode 14.0";
			developmentRegion = en;
			hasScannedForEncodings = 0;
			knownRegions = (
				en,
				Base,
			);
			mainGroup = 9E54C7C72AC3C9150077BD89;
			productRefGroup = 9E54C7D12AC3C9150077BD89 /* Products */;
			projectDirPath = "";
			projectRoot = "";
			targets = (
				9E54C7CF2AC3C9150077BD89 /* BMuMQTTClientSwift */,
			);
		};
/* End PBXProject section */

/* Begin PBXResourcesBuildPhase section */
		9E54C7CE2AC3C9150077BD89 /* Resources */ = {
			isa = PBXResourcesBuildPhase;
			buildActionMask = 2147483647;
			files = (
				9E54C7E02AC3C9170077BD89 /* LaunchScreen.storyboard in Resources */,
				9E54C7DD2AC3C9170077BD89 /* Assets.xcassets in Resources */,
				9E54C7DB2AC3C9150077BD89 /* Main.storyboard in Resources */,
			);
			runOnlyForDeploymentPostprocessing = 0;
		};
/* End PBXResourcesBuildPhase section */

/* Begin PBXShellScriptBuildPhase section */
		77D90AE1AC3F0687331FBE92 /* [CP] Check Pods Manifest.lock */ = {
			isa = PBXShellScriptBuildPhase;
			buildActionMask = 2147483647;
			files = (
			);
			inputFileListPaths = (
			);
			inputPaths = (
				"${PODS_PODFILE_DIR_PATH}/Podfile.lock",
				"${PODS_ROOT}/Manifest.lock",
			);
			name = "[CP] Check Pods Manifest.lock";
			outputFileListPaths = (
			);
			outputPaths = (
				"$(DERIVED_FILE_DIR)/Pods-BMuMQTTClientSwift-checkManifestLockResult.txt",
			);
			runOnlyForDeploymentPostprocessing = 0;
			shellPath = /bin/sh;
			shellScript = "diff \"${PODS_PODFILE_DIR_PATH}/Podfile.lock\" \"${PODS_ROOT}/Manifest.lock\" > /dev/null\nif [ $? != 0 ] ; then\n    # print error to STDERR\n    echo \"error: The sandbox is not in sync with the Podfile.lock. Run 'pod install' or update your CocoaPods installation.\" >&2\n    exit 1\nfi\n# This output is used by Xcode 'outputs' to avoid re-running this script phase.\necho \"SUCCESS\" > \"${SCRIPT_OUTPUT_FILE_0}\"\n";
			showEnvVarsInLog = 0;
		};
		ED7C8DE2793743B3B47A3BC5 /* [CP] Embed Pods Frameworks */ = {
			isa = PBXShellScriptBuildPhase;
			buildActionMask = 2147483647;
			files = (
			);
			inputFileListPaths = (
			);
			inputPaths = (
				"${SRCROOT}/Pods/Target Support Files/Pods-BMuMQTTClientSwift/Pods-BMuMQTTClientSwift-frameworks.sh",
				"${BUILT_PRODUCTS_DIR}/CocoaAsyncSocket/CocoaAsyncSocket.framework",
				"${BUILT_PRODUCTS_DIR}/CocoaMQTT/CocoaMQTT.framework",
			);
			name = "[CP] Embed Pods Frameworks";
			outputFileListPaths = (
			);
			outputPaths = (
				"${TARGET_BUILD_DIR}/${FRAMEWORKS_FOLDER_PATH}/CocoaAsyncSocket.framework",
				"${TARGET_BUILD_DIR}/${FRAMEWORKS_FOLDER_PATH}/CocoaMQTT.framework",
			);
			runOnlyForDeploymentPostprocessing = 0;
			shellPath = /bin/sh;
			shellScript = "\"${SRCROOT}/Pods/Target Support Files/Pods-BMuMQTTClientSwift/Pods-BMuMQTTClientSwift-frameworks.sh\"\n";
			showEnvVarsInLog = 0;
		};
/* End PBXShellScriptBuildPhase section */

/* Begin PBXSourcesBuildPhase section */
		9E54C7CC2AC3C9150077BD89 /* Sources */ = {
			isa = PBXSourcesBuildPhase;
			buildActionMask = 2147483647;
			files = (
				9E54C7D82AC3C9150077BD89 /* ViewController.swift in Sources */,
				9E54C7D42AC3C9150077BD89 /* AppDelegate.swift in Sources */,
				9E54C7D62AC3C9150077BD89 /* SceneDelegate.swift in Sources */,
			);
			runOnlyForDeploymentPostprocessing = 0;
		};
/* End PBXSourcesBuildPhase section */

/* Begin PBXVariantGroup section */
		9E54C7D92AC3C9150077BD89 /* Main.storyboard */ = {
			isa = PBXVariantGroup;
			children = (
				9E54C7DA2AC3C9150077BD89 /* Base */,
			);
			name = Main.storyboard;
			sourceTree = "<group>";
		};
		9E54C7DE2AC3C9170077BD89 /* LaunchScreen.storyboard */ = {
			isa = PBXVariantGroup;
			children = (
				9E54C7DF2AC3C9170077BD89 /* Base */,
			);
			name = LaunchScreen.storyboard;
			sourceTree = "<group>";
		};
/* End PBXVariantGroup section */

/* Begin XCBuildConfiguration section */
		9E54C7E22AC3C9170077BD89 /* Debug */ = {
			isa = XCBuildConfiguration;
			buildSettings = {
				ALWAYS_SEARCH_USER_PATHS = NO;
				CLANG_ANALYZER_NONNULL = YES;
				CLANG_ANALYZER_NUMBER_OBJECT_CONVERSION = YES_AGGRESSIVE;
				CLANG_CXX_LANGUAGE_STANDARD = "gnu++20";
				CLANG_ENABLE_MODULES = YES;
				CLANG_ENABLE_OBJC_ARC = YES;
				CLANG_ENABLE_OBJC_WEAK = YES;
				CLANG_WARN_BLOCK_CAPTURE_AUTORELEASING = YES;
				CLANG_WARN_BOOL_CONVERSION = YES;
				CLANG_WARN_COMMA = YES;
				CLANG_WARN_CONSTANT_CONVERSION = YES;
				CLANG_WARN_DEPRECATED_OBJC_IMPLEMENTATIONS = YES;
				CLANG_WARN_DIRECT_OBJC_ISA_USAGE = YES_ERROR;
				CLANG_WARN_DOCUMENTATION_COMMENTS = YES;
				CLANG_WARN_EMPTY_BODY = YES;
				CLANG_WARN_ENUM_CONVERSION = YES;
				CLANG_WARN_INFINITE_RECURSION = YES;
				CLANG_WARN_INT_CONVERSION = YES;
				CLANG_WARN_NON_LITERAL_NULL_CONVERSION = YES;
				CLANG_WARN_OBJC_IMPLICIT_RETAIN_SELF = YES;
				CLANG_WARN_OBJC_LITERAL_CONVERSION = YES;
				CLANG_WARN_OBJC_ROOT_CLASS = YES_ERROR;
				CLANG_WARN_QUOTED_INCLUDE_IN_FRAMEWORK_HEADER = YES;
				CLANG_WARN_RANGE_LOOP_ANALYSIS = YES;
				CLANG_WARN_STRICT_PROTOTYPES = YES;
				CLANG_WARN_SUSPICIOUS_MOVE = YES;
				CLANG_WARN_UNGUARDED_AVAILABILITY = YES_AGGRESSIVE;
				CLANG_WARN_UNREACHABLE_CODE = YES;
				CLANG_WARN__DUPLICATE_METHOD_MATCH = YES;
				COPY_PHASE_STRIP = NO;
				DEBUG_INFORMATION_FORMAT = dwarf;
				ENABLE_STRICT_OBJC_MSGSEND = YES;
				ENABLE_TESTABILITY = YES;
				GCC_C_LANGUAGE_STANDARD = gnu11;
				GCC_DYNAMIC_NO_PIC = NO;
				GCC_NO_COMMON_BLOCKS = YES;
				GCC_OPTIMIZATION_LEVEL = 0;
				GCC_PREPROCESSOR_DEFINITIONS = (
					"DEBUG=1",
					"$(inherited)",
				);
				GCC_WARN_64_TO_32_BIT_CONVERSION = YES;
				GCC_WARN_ABOUT_RETURN_TYPE = YES_ERROR;
				GCC_WARN_UNDECLARED_SELECTOR = YES;
				GCC_WARN_UNINITIALIZED_AUTOS = YES_AGGRESSIVE;
				GCC_WARN_UNUSED_FUNCTION = YES;
				GCC_WARN_UNUSED_VARIABLE = YES;
				IPHONEOS_DEPLOYMENT_TARGET = 16.2;
				MTL_ENABLE_DEBUG_INFO = INCLUDE_SOURCE;
				MTL_FAST_MATH = YES;
				ONLY_ACTIVE_ARCH = YES;
				SDKROOT = iphoneos;
				SWIFT_ACTIVE_COMPILATION_CONDITIONS = DEBUG;
				SWIFT_OPTIMIZATION_LEVEL = "-Onone";
			};
			name = Debug;
		};
		9E54C7E32AC3C9170077BD89 /* Release */ = {
			isa = XCBuildConfiguration;
			buildSettings = {
				ALWAYS_SEARCH_USER_PATHS = NO;
				CLANG_ANALYZER_NONNULL = YES;
				CLANG_ANALYZER_NUMBER_OBJECT_CONVERSION = YES_AGGRESSIVE;
				CLANG_CXX_LANGUAGE_STANDARD = "gnu++20";
				CLANG_ENABLE_MODULES = YES;
				CLANG_ENABLE_OBJC_ARC = YES;
				CLANG_ENABLE_OBJC_WEAK = YES;
				CLANG_WARN_BLOCK_CAPTURE_AUTORELEASING = YES;
				CLANG_WARN_BOOL_CONVERSION = YES;
				CLANG_WARN_COMMA = YES;
				CLANG_WARN_CONSTANT_CONVERSION = YES;
				CLANG_WARN_DEPRECATED_OBJC_IMPLEMENTATIONS = YES;
				CLANG_WARN_DIRECT_OBJC_ISA_USAGE = YES_ERROR;
				CLANG_WARN_DOCUMENTATION_COMMENTS = YES;
				CLANG_WARN_EMPTY_BODY = YES;
				CLANG_WARN_ENUM_CONVERSION = YES;
				CLANG_WARN_INFINITE_RECURSION = YES;
				CLANG_WARN_INT_CONVERSION = YES;
				CLANG_WARN_NON_LITERAL_NULL_CONVERSION = YES;
				CLANG_WARN_OBJC_IMPLICIT_RETAIN_SELF = YES;
				CLANG_WARN_OBJC_LITERAL_CONVERSION = YES;
				CLANG_WARN_OBJC_ROOT_CLASS = YES_ERROR;
				CLANG_WARN_QUOTED_INCLUDE_IN_FRAMEWORK_HEADER = YES;
				CLANG_WARN_RANGE_LOOP_ANALYSIS = YES;
				CLANG_WARN_STRICT_PROTOTYPES = YES;
				CLANG_WARN_SUSPICIOUS_MOVE = YES;
				CLANG_WARN_UNGUARDED_AVAILABILITY = YES_AGGRESSIVE;
				CLANG_WARN_UNREACHABLE_CODE = YES;
				CLANG_WARN__DUPLICATE_METHOD_MATCH = YES;
				COPY_PHASE_STRIP = NO;
				DEBUG_INFORMATION_FORMAT = "dwarf-with-dsym";
				ENABLE_NS_ASSERTIONS = NO;
				ENABLE_STRICT_OBJC_MSGSEND = YES;
				GCC_C_LANGUAGE_STANDARD = gnu11;
				GCC_NO_COMMON_BLOCKS = YES;
				GCC_WARN_64_TO_32_BIT_CONVERSION = YES;
				GCC_WARN_ABOUT_RETURN_TYPE = YES_ERROR;
				GCC_WARN_UNDECLARED_SELECTOR = YES;
				GCC_WARN_UNINITIALIZED_AUTOS = YES_AGGRESSIVE;
				GCC_WARN_UNUSED_FUNCTION = YES;
				GCC_WARN_UNUSED_VARIABLE = YES;
				IPHONEOS_DEPLOYMENT_TARGET = 16.2;
				MTL_ENABLE_DEBUG_INFO = NO;
				MTL_FAST_MATH = YES;
				SDKROOT = iphoneos;
				SWIFT_COMPILATION_MODE = wholemodule;
				SWIFT_OPTIMIZATION_LEVEL = "-O";
				VALIDATE_PRODUCT = YES;
			};
			name = Release;
		};
		9E54C7E52AC3C9170077BD89 /* Debug */ = {
			isa = XCBuildConfiguration;
			baseConfigurationReference = 12C07573B8E68C6FFE193EBD /* Pods-BMuMQTTClientSwift.debug.xcconfig */;
			buildSettings = {
				ASSETCATALOG_COMPILER_APPICON_NAME = AppIcon;
				ASSETCATALOG_COMPILER_GLOBAL_ACCENT_COLOR_NAME = AccentColor;
				CODE_SIGN_STYLE = Automatic;
				CURRENT_PROJECT_VERSION = 1;
				DEVELOPMENT_TEAM = 3D9K6K9886;
				GENERATE_INFOPLIST_FILE = YES;
				INFOPLIST_FILE = BMuMQTTClientSwift/Info.plist;
				INFOPLIST_KEY_UIApplicationSupportsIndirectInputEvents = YES;
				INFOPLIST_KEY_UILaunchStoryboardName = LaunchScreen;
				INFOPLIST_KEY_UIMainStoryboardFile = Main;
				INFOPLIST_KEY_UISupportedInterfaceOrientations_iPad = "UIInterfaceOrientationPortrait UIInterfaceOrientationPortraitUpsideDown UIInterfaceOrientationLandscapeLeft UIInterfaceOrientationLandscapeRight";
				INFOPLIST_KEY_UISupportedInterfaceOrientations_iPhone = "UIInterfaceOrientationPortrait UIInterfaceOrientationLandscapeLeft UIInterfaceOrientationLandscapeRight";
				LD_RUNPATH_SEARCH_PATHS = (
					"$(inherited)",
					"@executable_path/Frameworks",
				);
				MARKETING_VERSION = 1.0;
				PRODUCT_BUNDLE_IDENTIFIER = com.bmu.test.BMuMQTTClientSwift;
				PRODUCT_NAME = "$(TARGET_NAME)";
				SWIFT_EMIT_LOC_STRINGS = YES;
				SWIFT_VERSION = 5.0;
				TARGETED_DEVICE_FAMILY = "1,2";
			};
			name = Debug;
		};
		9E54C7E62AC3C9170077BD89 /* Release */ = {
			isa = XCBuildConfiguration;
			baseConfigurationReference = CDB51B2D0CD492507E370B3D /* Pods-BMuMQTTClientSwift.release.xcconfig */;
			buildSettings = {
				ASSETCATALOG_COMPILER_APPICON_NAME = AppIcon;
				ASSETCATALOG_COMPILER_GLOBAL_ACCENT_COLOR_NAME = AccentColor;
				CODE_SIGN_STYLE = Automatic;
				CURRENT_PROJECT_VERSION = 1;
				DEVELOPMENT_TEAM = 3D9K6K9886;
				GENERATE_INFOPLIST_FILE = YES;
				INFOPLIST_FILE = BMuMQTTClientSwift/Info.plist;
				INFOPLIST_KEY_UIApplicationSupportsIndirectInputEvents = YES;
				INFOPLIST_KEY_UILaunchStoryboardName = LaunchScreen;
				INFOPLIST_KEY_UIMainStoryboardFile = Main;
				INFOPLIST_KEY_UISupportedInterfaceOrientations_iPad = "UIInterfaceOrientationPortrait UIInterfaceOrientationPortraitUpsideDown UIInterfaceOrientationLandscapeLeft UIInterfaceOrientationLandscapeRight";
				INFOPLIST_KEY_UISupportedInterfaceOrientations_iPhone = "UIInterfaceOrientationPortrait UIInterfaceOrientationLandscapeLeft UIInterfaceOrientationLandscapeRight";
				LD_RUNPATH_SEARCH_PATHS = (
					"$(inherited)",
					"@executable_path/Frameworks",
				);
				MARKETING_VERSION = 1.0;
				PRODUCT_BUNDLE_IDENTIFIER = com.bmu.test.BMuMQTTClientSwift;
				PRODUCT_NAME = "$(TARGET_NAME)";
				SWIFT_EMIT_LOC_STRINGS = YES;
				SWIFT_VERSION = 5.0;
				TARGETED_DEVICE_FAMILY = "1,2";
			};
			name = Release;
		};
/* End XCBuildConfiguration section */

/* Begin XCConfigurationList section */
		9E54C7CB2AC3C9150077BD89 /* Build configuration list for PBXProject "BMuMQTTClientSwift" */ = {
			isa = XCConfigurationList;
			buildConfigurations = (
				9E54C7E22AC3C9170077BD89 /* Debug */,
				9E54C7E32AC3C9170077BD89 /* Release */,
			);
			defaultConfigurationIsVisible = 0;
			defaultConfigurationName = Release;
		};
		9E54C7E42AC3C9170077BD89 /* Build configuration list for PBXNativeTarget "BMuMQTTClientSwift" */ = {
			isa = XCConfigurationList;
			buildConfigurations = (
				9E54C7E52AC3C9170077BD89 /* Debug */,
				9E54C7E62AC3C9170077BD89 /* Release */,
			);
			defaultConfigurationIsVisible = 0;
			defaultConfigurationName = Release;
		};
/* End XCConfigurationList section */
	};
	rootObject = 9E54C7C82AC3C9150077BD89 /* Project object */;
}
