PODS:
  - CocoaAsyncSocket (7.6.3)
  - CocoaMQTT (1.2.5):
    - CocoaAsyncSocket (~> 7.6.3)

DEPENDENCIES:
  - CocoaMQTT

SPEC REPOS:
  https://github.com/cocoapods/specs.git:
    - CocoaAsyncSocket
    - CocoaMQTT

SPEC CHECKSUMS:
  CocoaAsyncSocket: eafaa68a7e0ec99ead0a7b35015e0bf25d2c8987
  CocoaMQTT: a61490ed3b328011c5d75169a77781983e2bb221

PODFILE CHECKSUM: 241426a61bd1bcba05648e33caefda5ec9b9d483

COCOAPODS: 1.5.3
